
Microsoft Visual Studio Solution File, Format Version 12.00
# Visual Studio 15
VisualStudioVersion = 15.0.28307.421
MinimumVisualStudioVersion = 10.0.40219.1
Project("{FAE04EC0-301F-11D3-BF4B-00C04F79EFBC}") = "BusinessLayer", "BusinessLayer\BusinessLayer.csproj", "{76C03932-ED39-40AC-90F2-67E6F0E971FB}"
EndProject
Project("{FAE04EC0-301F-11D3-BF4B-00C04F79EFBC}") = "StandSorusu", "StandSorusu\StandSorusu.csproj", "{C734E300-C070-4173-8BE4-200D721C1B74}"
EndProject
Project("{FAE04EC0-301F-11D3-BF4B-00C04F79EFBC}") = "StandForm", "StandForm\StandForm.csproj", "{31DB8A11-B2B0-417B-BD01-77EB226AE90D}"
EndProject
Global
	GlobalSection(SolutionConfigurationPlatforms) = preSolution
		Debug|Any CPU = Debug|Any CPU
		Release|Any CPU = Release|Any CPU
	EndGlobalSection
	GlobalSection(ProjectConfigurationPlatforms) = postSolution
		{76C03932-ED39-40AC-90F2-67E6F0E971FB}.Debug|Any CPU.ActiveCfg = Debug|Any CPU
		{76C03932-ED39-40AC-90F2-67E6F0E971FB}.Debug|Any CPU.Build.0 = Debug|Any CPU
		{76C03932-ED39-40AC-90F2-67E6F0E971FB}.Release|Any CPU.ActiveCfg = Release|Any CPU
		{76C03932-ED39-40AC-90F2-67E6F0E971FB}.Release|Any CPU.Build.0 = Release|Any CPU
		{C734E300-C070-4173-8BE4-200D721C1B74}.Debug|Any CPU.ActiveCfg = Debug|Any CPU
		{C734E300-C070-4173-8BE4-200D721C1B74}.Debug|Any CPU.Build.0 = Debug|Any CPU
		{C734E300-C070-4173-8BE4-200D721C1B74}.Release|Any CPU.ActiveCfg = Release|Any CPU
		{C734E300-C070-4173-8BE4-200D721C1B74}.Release|Any CPU.Build.0 = Release|Any CPU
		{31DB8A11-B2B0-417B-BD01-77EB226AE90D}.Debug|Any CPU.ActiveCfg = Debug|Any CPU
		{31DB8A11-B2B0-417B-BD01-77EB226AE90D}.Debug|Any CPU.Build.0 = Debug|Any CPU
		{31DB8A11-B2B0-417B-BD01-77EB226AE90D}.Release|Any CPU.ActiveCfg = Release|Any CPU
		{31DB8A11-B2B0-417B-BD01-77EB226AE90D}.Release|Any CPU.Build.0 = Release|Any CPU
	EndGlobalSection
	GlobalSection(SolutionProperties) = preSolution
		HideSolutionNode = FALSE
	EndGlobalSection
	GlobalSection(ExtensibilityGlobals) = postSolution
		SolutionGuid = {7E6EBA2E-878D-47D0-88D3-49BC66D67369}
	EndGlobalSection
EndGlobal
